
Microsoft Visual Studio Solution File, Format Version 12.00
# Visual Studio Version 17
VisualStudioVersion = 17.5.33414.496
MinimumVisualStudioVersion = 10.0.40219.1
Project("{888888A0-9F3D-457C-B088-3A5042F75D52}") = "PythonApplication5", "PythonApplication5\PythonApplication5.pyproj", "{A25F2B9F-6428-408A-9790-39248A174BDD}"
EndProject
Global
	GlobalSection(SolutionConfigurationPlatforms) = preSolution
		Debug|Any CPU = Debug|Any CPU
		Release|Any CPU = Release|Any CPU
	EndGlobalSection
	GlobalSection(ProjectConfigurationPlatforms) = postSolution
		{A25F2B9F-6428-408A-9790-39248A174BDD}.Debug|Any CPU.ActiveCfg = Debug|Any CPU
		{A25F2B9F-6428-408A-9790-39248A174BDD}.Release|Any CPU.ActiveCfg = Release|Any CPU
	EndGlobalSection
	GlobalSection(SolutionProperties) = preSolution
		HideSolutionNode = FALSE
	EndGlobalSection
	GlobalSection(ExtensibilityGlobals) = postSolution
		SolutionGuid = {91DC9DE9-1918-451B-A5C7-E1650BD1C11C}
	EndGlobalSection
EndGlobal
